<Solution>
  <Project Path="src/Assignment_1/Assignment_1.csproj" Id="11111111-2222-3333-4444-555555555551" />
  <Project Path="src/Assignment_2/Assignment_2.csproj" Id="11111111-2222-3333-4444-555555555552" />
  <Project Path="src/Assignment_3/Assignment_3.csproj" Id="11111111-2222-3333-4444-555555555553" />
  <Project Path="src/Assignment_4/Assignment_4.csproj" />
  <Project Path="src/Assignment_5/Assignment_5.csproj" Id="4e6a91b1-44d6-41c5-b8f4-69acecdf8dc0" />
</Solution>