<Solution>
  <Project Path="src/Assignment_1/Assignment_1.csproj" Id="11111111-2222-3333-4444-555555555551" />
  <Project Path="src/Assignment_2/Assignment_2.csproj" Id="11111111-2222-3333-4444-555555555552" />
  <Project Path="src/Assignment_3/Assignment_3.csproj" Id="11111111-2222-3333-4444-555555555553" />
</Solution>